
Microsoft Visual Studio Solution File, Format Version 12.00
# Visual Studio 2012
Project("{FAE04EC0-301F-11D3-BF4B-00C04F79EFBC}") = "DiseñoPTC", "DiseñoPTC\DiseñoPTC.csproj", "{88850D0D-4900-4DED-B827-45F19C95489D}"
EndProject
Global
	GlobalSection(SolutionConfigurationPlatforms) = preSolution
		Debug|Any CPU = Debug|Any CPU
		Release|Any CPU = Release|Any CPU
	EndGlobalSection
	GlobalSection(ProjectConfigurationPlatforms) = postSolution
		{88850D0D-4900-4DED-B827-45F19C95489D}.Debug|Any CPU.ActiveCfg = Debug|Any CPU
		{88850D0D-4900-4DED-B827-45F19C95489D}.Debug|Any CPU.Build.0 = Debug|Any CPU
		{88850D0D-4900-4DED-B827-45F19C95489D}.Release|Any CPU.ActiveCfg = Release|Any CPU
		{88850D0D-4900-4DED-B827-45F19C95489D}.Release|Any CPU.Build.0 = Release|Any CPU
	EndGlobalSection
	GlobalSection(SolutionProperties) = preSolution
		HideSolutionNode = FALSE
	EndGlobalSection
EndGlobal
